Microsoft Visual Studio Solution File, Format Version 12.00
# Visual Studio 15
VisualStudioVersion = 15.0.28307.1259
MinimumVisualStudioVersion = 10.0.40219.1
Project("{FAE04EC0-301F-11D3-BF4B-00C04F79EFBC}") = "NatNetThree2OSC", "NatNetThree2OSC\NatNetThree2OSC.csproj", "{EB3A0909-5CE7-46A9-86BB-B180ADC03980}"
EndProject
Global
	GlobalSection(SolutionConfigurationPlatforms) = preSolution
		Debug|Mixed Platforms = Debug|Mixed Platforms
		Debug|Win32 = Debug|Win32
		Debug|x64 = Debug|x64
		Debug|x86 = Debug|x86
		Release|Mixed Platforms = Release|Mixed Platforms
		Release|Win32 = Release|Win32
		Release|x64 = Release|x64
		Release|x86 = Release|x86
	EndGlobalSection
	GlobalSection(ProjectConfigurationPlatforms) = postSolution
		{EB3A0909-5CE7-46A9-86BB-B180ADC03980}.Debug|Mixed Platforms.ActiveCfg = Debug|x86
		{EB3A0909-5CE7-46A9-86BB-B180ADC03980}.Debug|Mixed Platforms.Build.0 = Debug|x86
		{EB3A0909-5CE7-46A9-86BB-B180ADC03980}.Debug|Win32.ActiveCfg = Debug|x86
		{EB3A0909-5CE7-46A9-86BB-B180ADC03980}.Debug|Win32.Build.0 = Debug|x86
		{EB3A0909-5CE7-46A9-86BB-B180ADC03980}.Debug|x64.ActiveCfg = Debug|x64
		{EB3A0909-5CE7-46A9-86BB-B180ADC03980}.Debug|x64.Build.0 = Debug|x64
		{EB3A0909-5CE7-46A9-86BB-B180ADC03980}.Debug|x86.ActiveCfg = Debug|x86
		{EB3A0909-5CE7-46A9-86BB-B180ADC03980}.Debug|x86.Build.0 = Debug|x86
		{EB3A0909-5CE7-46A9-86BB-B180ADC03980}.Release|Mixed Platforms.ActiveCfg = Release|x86
		{EB3A0909-5CE7-46A9-86BB-B180ADC03980}.Release|Mixed Platforms.Build.0 = Release|x86
		{EB3A0909-5CE7-46A9-86BB-B180ADC03980}.Release|Win32.ActiveCfg = Release|x86
		{EB3A0909-5CE7-46A9-86BB-B180ADC03980}.Release|Win32.Build.0 = Release|x86
		{EB3A0909-5CE7-46A9-86BB-B180ADC03980}.Release|x64.ActiveCfg = Release|x64
		{EB3A0909-5CE7-46A9-86BB-B180ADC03980}.Release|x64.Build.0 = Release|x64
		{EB3A0909-5CE7-46A9-86BB-B180ADC03980}.Release|x86.ActiveCfg = Release|x86
		{EB3A0909-5CE7-46A9-86BB-B180ADC03980}.Release|x86.Build.0 = Release|x86
	EndGlobalSection
	GlobalSection(SolutionProperties) = preSolution
		HideSolutionNode = FALSE
	EndGlobalSection
	GlobalSection(ExtensibilityGlobals) = postSolution
		SolutionGuid = {A2B8F6B4-9F36-433A-9C4B-56FA6E35C328}
	EndGlobalSection
EndGlobal
